%{
  "freedom_formatter": {:hex, :freedom_formatter, "2.1.1", "5f33efc2c605ce01c0d1d854ec7cf091c6a6ec846f38de99b1d3fac7775a68bd", [:mix], [], "hexpm", "373b659b9763ca4f4d5fbccb4827b00dbd6c6898d528d5dce91eb60b29ac5fc1"},
  "poolboy": {:hex, :poolboy, "1.5.2", "392b007a1693a64540cead79830443abf5762f5d30cf50bc95cb2c1aaafa006b", [:rebar3], [], "hexpm", "dad79704ce5440f3d5a3681c8590b9dc25d1a561e8f5a9c995281012860901e3"},
  "uuid": {:hex, :uuid, "1.1.8", "e22fc04499de0de3ed1116b770c7737779f226ceefa0badb3592e64d5cfb4eb9", [:mix], [], "hexpm", "c790593b4c3b601f5dc2378baae7efaf5b3d73c4c6456ba85759905be792f2ac"},
}
